
Microsoft Visual Studio Solution File, Format Version 12.00
# Visual Studio 2013
VisualStudioVersion = 12.0.31101.0
MinimumVisualStudioVersion = 10.0.40219.1
Project("{FAE04EC0-301F-11D3-BF4B-00C04F79EFBC}") = "DataLayer", "DataLayer\DataLayer.csproj", "{DB4C59FA-4B40-4CD7-BF97-6A2DD23E67A6}"
EndProject
Project("{FAE04EC0-301F-11D3-BF4B-00C04F79EFBC}") = "TutoratAppl", "TutoratAppl\TutoratAppl.csproj", "{98336472-2ECA-49DE-85CB-F151FA78BF5A}"
EndProject
Global
	GlobalSection(SolutionConfigurationPlatforms) = preSolution
		Debug|Any CPU = Debug|Any CPU
		Release|Any CPU = Release|Any CPU
	EndGlobalSection
	GlobalSection(ProjectConfigurationPlatforms) = postSolution
		{DB4C59FA-4B40-4CD7-BF97-6A2DD23E67A6}.Debug|Any CPU.ActiveCfg = Debug|Any CPU
		{DB4C59FA-4B40-4CD7-BF97-6A2DD23E67A6}.Debug|Any CPU.Build.0 = Debug|Any CPU
		{DB4C59FA-4B40-4CD7-BF97-6A2DD23E67A6}.Release|Any CPU.ActiveCfg = Release|Any CPU
		{DB4C59FA-4B40-4CD7-BF97-6A2DD23E67A6}.Release|Any CPU.Build.0 = Release|Any CPU
		{98336472-2ECA-49DE-85CB-F151FA78BF5A}.Debug|Any CPU.ActiveCfg = Debug|Any CPU
		{98336472-2ECA-49DE-85CB-F151FA78BF5A}.Debug|Any CPU.Build.0 = Debug|Any CPU
		{98336472-2ECA-49DE-85CB-F151FA78BF5A}.Release|Any CPU.ActiveCfg = Release|Any CPU
		{98336472-2ECA-49DE-85CB-F151FA78BF5A}.Release|Any CPU.Build.0 = Release|Any CPU
	EndGlobalSection
	GlobalSection(SolutionProperties) = preSolution
		HideSolutionNode = FALSE
	EndGlobalSection
EndGlobal
